<Solution>
  <Project Path="MeowAutoChrome.Contracts/MeowAutoChrome.Contracts.csproj" />
  <Project Path="MeowAutoChrome.Core/MeowAutoChrome.Core.csproj" />
  <Project Path="MeowAutoChrome.ExamplePlugin/MeowAutoChrome.ExamplePlugin.csproj" />
  <Project Path="MeowAutoChrome.WebAPI/MeowAutoChrome.WebAPI.csproj" />
</Solution>
